
Microsoft Visual Studio Solution File, Format Version 12.00
# Visual Studio Version 17
VisualStudioVersion = 17.3.32825.248
MinimumVisualStudioVersion = 10.0.40219.1
Project("{FAE04EC0-301F-11D3-BF4B-00C04F79EFBC}") = "QLTHU_CHI", "QLTHU_CHI\QLTHU_CHI.csproj", "{B6ED9BCE-6C5D-434F-AA65-EED849EF44A0}"
EndProject
Global
	GlobalSection(SolutionConfigurationPlatforms) = preSolution
		Debug|Any CPU = Debug|Any CPU
		Release|Any CPU = Release|Any CPU
	EndGlobalSection
	GlobalSection(ProjectConfigurationPlatforms) = postSolution
		{B6ED9BCE-6C5D-434F-AA65-EED849EF44A0}.Debug|Any CPU.ActiveCfg = Debug|Any CPU
		{B6ED9BCE-6C5D-434F-AA65-EED849EF44A0}.Debug|Any CPU.Build.0 = Debug|Any CPU
		{B6ED9BCE-6C5D-434F-AA65-EED849EF44A0}.Release|Any CPU.ActiveCfg = Release|Any CPU
		{B6ED9BCE-6C5D-434F-AA65-EED849EF44A0}.Release|Any CPU.Build.0 = Release|Any CPU
	EndGlobalSection
	GlobalSection(SolutionProperties) = preSolution
		HideSolutionNode = FALSE
	EndGlobalSection
	GlobalSection(ExtensibilityGlobals) = postSolution
		SolutionGuid = {C8A14F0E-15A0-494E-A808-08B4F315D002}
	EndGlobalSection
EndGlobal
